{
  "nodes": {
    "nixpkgs": {
      "locked": {
        "lastModified": 1728979988,
        "narHash": "sha256-GBJRnbFLDg0y7ridWJHAP4Nn7oss50/VNgqoXaf/RVk=",
        "owner": "nixos",
        "repo": "nixpkgs",
        "rev": "7881fbfd2e3ed1dfa315fca889b2cfd94be39337",
        "type": "github"
      },
      "original": {
        "owner": "nixos",
        "ref": "nixpkgs-unstable",
        "repo": "nixpkgs",
        "type": "github"
      }
    },
    "root": {
      "inputs": {
        "nixpkgs": "nixpkgs",
        "rust-overlay": "rust-overlay"
      }
    },
    "rust-overlay": {
      "inputs": {
        "nixpkgs": [
          "nixpkgs"
        ]
      },
      "locked": {
        "lastModified": 1729184663,
        "narHash": "sha256-uNyi5vQrzaLkt4jj6ZEOs4+4UqOAwP6jFG2s7LIDwIk=",
        "owner": "oxalica",
        "repo": "rust-overlay",
        "rev": "16fb78d443c1970dda9a0bbb93070c9d8598a925",
        "type": "github"
      },
      "original": {
        "owner": "oxalica",
        "repo": "rust-overlay",
        "type": "github"
      }
    }
  },
  "root": "root",
  "version": 7
}
